PODS:
  - DJI-SDK-iOS (4.7)
  - PromiseKit (6.4.0):
    - PromiseKit/CorePromise (= 6.4.0)
    - PromiseKit/Foundation (= 6.4.0)
    - PromiseKit/UIKit (= 6.4.0)
  - PromiseKit/CorePromise (6.4.0)
  - PromiseKit/Foundation (6.4.0):
    - PromiseKit/CorePromise
  - PromiseKit/UIKit (6.4.0):
    - PromiseKit/CorePromise

DEPENDENCIES:
  - DJI-SDK-iOS (~> 4.7)
  - PromiseKit (~> 6.0)

SPEC REPOS:
  https://github.com/cocoapods/specs.git:
    - DJI-SDK-iOS
    - PromiseKit

SPEC CHECKSUMS:
  DJI-SDK-iOS: 9e176a00683625f3b2f7808aaab337c7c21a9509
  PromiseKit: ae3616f45d7bb9bf4ff1e91abc9b7a8c48a340e0

PODFILE CHECKSUM: e5088c3ee1e357eb7d91edb19ad59d2344db1aab

COCOAPODS: 1.5.3
