PODS:
  - DJI-SDK-iOS (4.9.1)
  - PromiseKit (6.8.3):
    - PromiseKit/CorePromise (= 6.8.3)
    - PromiseKit/Foundation (= 6.8.3)
    - PromiseKit/UIKit (= 6.8.3)
  - PromiseKit/CorePromise (6.8.3)
  - PromiseKit/Foundation (6.8.3):
    - PromiseKit/CorePromise
  - PromiseKit/UIKit (6.8.3):
    - PromiseKit/CorePromise
  - SVProgressHUD (2.2.5)

DEPENDENCIES:
  - DJI-SDK-iOS (~> 4.8)
  - PromiseKit (~> 6.4)
  - SVProgressHUD

SPEC REPOS:
  https://github.com/cocoapods/specs.git:
    - DJI-SDK-iOS
    - PromiseKit
    - SVProgressHUD

SPEC CHECKSUMS:
  DJI-SDK-iOS: 2c7f4cc888909dd0996c4ae38bb25b979d76ce19
  PromiseKit: 94c6e781838c5bf4717677d0d882b0e7250c80fc
  SVProgressHUD: 1428aafac632c1f86f62aa4243ec12008d7a51d6

PODFILE CHECKSUM: 877325c63b9dbe8a3e436b8658efdd6d7a572df9

COCOAPODS: 1.7.0.beta.3
