PODS:
  - DJI-SDK-iOS (4.11.1)
  - PromiseKit (6.13.1):
    - PromiseKit/CorePromise (= 6.13.1)
    - PromiseKit/Foundation (= 6.13.1)
    - PromiseKit/UIKit (= 6.13.1)
  - PromiseKit/CorePromise (6.13.1)
  - PromiseKit/Foundation (6.13.1):
    - PromiseKit/CorePromise
  - PromiseKit/UIKit (6.13.1):
    - PromiseKit/CorePromise
  - SVProgressHUD (2.2.5)

DEPENDENCIES:
  - DJI-SDK-iOS (~> 4.8)
  - PromiseKit (~> 6.4)
  - SVProgressHUD

SPEC REPOS:
  trunk:
    - DJI-SDK-iOS
    - PromiseKit
    - SVProgressHUD

SPEC CHECKSUMS:
  DJI-SDK-iOS: b1c348caa7bd1d8b5c68f00bffcbf4513adfbc37
  PromiseKit: 28fda91c973cc377875d8c0ea4f973013c05b6db
  SVProgressHUD: 1428aafac632c1f86f62aa4243ec12008d7a51d6

PODFILE CHECKSUM: 877325c63b9dbe8a3e436b8658efdd6d7a572df9

COCOAPODS: 1.8.4
