// !$*UTF8*$!
{
	archiveVersion = 1;
	classes = {
	};
	objectVersion = 50;
	objects = {

/* Begin PBXBuildFile section */
		615DE0FC5F1D8EB3C81FDB26 /* Pods_DJISDKExtensionTests.framework in Frameworks */ = {isa = PBXBuildFile; fileRef = 4AF0FA8BCE6CD40C2E46EACA /* Pods_DJISDKExtensionTests.framework */; };
		8532A08821378F14008BCC84 /* DJISDKExtension.h in Headers */ = {isa = PBXBuildFile; fileRef = 8532A08621378F14008BCC84 /* DJISDKExtension.h */; settings = {ATTRIBUTES = (Public, ); }; };
		8532A08F2137954C008BCC84 /* DJISDKManager+Helper.swift in Sources */ = {isa = PBXBuildFile; fileRef = 8532A08E2137954C008BCC84 /* DJISDKManager+Helper.swift */; };
		8576B049215DD17100B5B560 /* DJIGimbal+Promise.swift in Sources */ = {isa = PBXBuildFile; fileRef = 8576B048215DD17100B5B560 /* DJIGimbal+Promise.swift */; };
		8576B04B215E330B00B5B560 /* DJIFlightController+Promise.swift in Sources */ = {isa = PBXBuildFile; fileRef = 8576B04A215E330B00B5B560 /* DJIFlightController+Promise.swift */; };
		858938A32195340A00AB7619 /* DJISDKTimelineTests.swift in Sources */ = {isa = PBXBuildFile; fileRef = 858938A22195340A00AB7619 /* DJISDKTimelineTests.swift */; };
		858938A52195340A00AB7619 /* DJISDKExtension.framework in Frameworks */ = {isa = PBXBuildFile; fileRef = 8532A08321378F14008BCC84 /* DJISDKExtension.framework */; };
		858938AF2196D16800AB7619 /* Camera+Extension.swift in Sources */ = {isa = PBXBuildFile; fileRef = 858938AE2196D16800AB7619 /* Camera+Extension.swift */; };
		858938B12196D6A200AB7619 /* DJISDKExtensionError.swift in Sources */ = {isa = PBXBuildFile; fileRef = 858938B02196D6A200AB7619 /* DJISDKExtensionError.swift */; };
		858DE8F6217833BC0019C314 /* DJISDKExtension.podspec in Resources */ = {isa = PBXBuildFile; fileRef = 858DE8F5217833BC0019C314 /* DJISDKExtension.podspec */; };
		858DE8F9217834560019C314 /* DJITimelineMission.swift in Sources */ = {isa = PBXBuildFile; fileRef = 858DE8F8217834560019C314 /* DJITimelineMission.swift */; };
		858DE8FD21787D4B0019C314 /* DJITimelineAircraftYawEvent.swift in Sources */ = {isa = PBXBuildFile; fileRef = 858DE8FC21787D4B0019C314 /* DJITimelineAircraftYawEvent.swift */; };
		858DE8FF217881AE0019C314 /* DJITimelineMissionError.swift in Sources */ = {isa = PBXBuildFile; fileRef = 858DE8FE217881AE0019C314 /* DJITimelineMissionError.swift */; };
		858DE901217882720019C314 /* DJITimelineGimbalRotateEvent.swift in Sources */ = {isa = PBXBuildFile; fileRef = 858DE900217882720019C314 /* DJITimelineGimbalRotateEvent.swift */; };
		858DE9032178D6340019C314 /* DJITimelineShootPhotoEvent.swift in Sources */ = {isa = PBXBuildFile; fileRef = 858DE9022178D6340019C314 /* DJITimelineShootPhotoEvent.swift */; };
		858DE905217974620019C314 /* DJITimelineDurationEvent.swift in Sources */ = {isa = PBXBuildFile; fileRef = 858DE904217974620019C314 /* DJITimelineDurationEvent.swift */; };
		858DE90721797A270019C314 /* DJITimelineBasicEvent.swift in Sources */ = {isa = PBXBuildFile; fileRef = 858DE90621797A270019C314 /* DJITimelineBasicEvent.swift */; };
		C0C8931F2138DC1E00986A3A /* DJIMediaManager+Promise.swift in Sources */ = {isa = PBXBuildFile; fileRef = C0C8931C2138DC1D00986A3A /* DJIMediaManager+Promise.swift */; };
		C0C893202138DC1E00986A3A /* DJIMediaFile+Promise.swift in Sources */ = {isa = PBXBuildFile; fileRef = C0C8931D2138DC1D00986A3A /* DJIMediaFile+Promise.swift */; };
		C0C893212138DC1E00986A3A /* DJICamera+Promise.swift in Sources */ = {isa = PBXBuildFile; fileRef = C0C8931E2138DC1E00986A3A /* DJICamera+Promise.swift */; };
		CEDD008B2A270B813EDAF365 /* Pods_DJISDKExtension.framework in Frameworks */ = {isa = PBXBuildFile; fileRef = 5C952EE09E10AC625517DE64 /* Pods_DJISDKExtension.framework */; };
/* End PBXBuildFile section */

/* Begin PBXContainerItemProxy section */
		858938A62195340A00AB7619 /* PBXContainerItemProxy */ = {
			isa = PBXContainerItemProxy;
			containerPortal = 8532A07A21378F14008BCC84 /* Project object */;
			proxyType = 1;
			remoteGlobalIDString = 8532A08221378F14008BCC84;
			remoteInfo = DJISDKExtension;
		};
/* End PBXContainerItemProxy section */

/* Begin PBXFileReference section */
		0332202BBE132057B978319C /* Pods-DJISDKExtension.debug.xcconfig */ = {isa = PBXFileReference; includeInIndex = 1; lastKnownFileType = text.xcconfig; name = "Pods-DJISDKExtension.debug.xcconfig"; path = "Pods/Target Support Files/Pods-DJISDKExtension/Pods-DJISDKExtension.debug.xcconfig"; sourceTree = "<group>"; };
		21E8FFD9E2714A6BE09D6FCF /* Pods-DJISDKExtensionTests.debug.xcconfig */ = {isa = PBXFileReference; includeInIndex = 1; lastKnownFileType = text.xcconfig; name = "Pods-DJISDKExtensionTests.debug.xcconfig"; path = "Pods/Target Support Files/Pods-DJISDKExtensionTests/Pods-DJISDKExtensionTests.debug.xcconfig"; sourceTree = "<group>"; };
		4AF0FA8BCE6CD40C2E46EACA /* Pods_DJISDKExtensionTests.framework */ = {isa = PBXFileReference; explicitFileType = wrapper.framework; includeInIndex = 0; path = Pods_DJISDKExtensionTests.framework; sourceTree = BUILT_PRODUCTS_DIR; };
		5C952EE09E10AC625517DE64 /* Pods_DJISDKExtension.framework */ = {isa = PBXFileReference; explicitFileType = wrapper.framework; includeInIndex = 0; path = Pods_DJISDKExtension.framework; sourceTree = BUILT_PRODUCTS_DIR; };
		8532A08321378F14008BCC84 /* DJISDKExtension.framework */ = {isa = PBXFileReference; explicitFileType = wrapper.framework; includeInIndex = 0; path = DJISDKExtension.framework; sourceTree = BUILT_PRODUCTS_DIR; };
		8532A08621378F14008BCC84 /* DJISDKExtension.h */ = {isa = PBXFileReference; lastKnownFileType = sourcecode.c.h; path = DJISDKExtension.h; sourceTree = "<group>"; };
		8532A08721378F14008BCC84 /* Info.plist */ = {isa = PBXFileReference; lastKnownFileType = text.plist.xml; path = Info.plist; sourceTree = "<group>"; };
		8532A08E2137954C008BCC84 /* DJISDKManager+Helper.swift */ = {isa = PBXFileReference; lastKnownFileType = sourcecode.swift; path = "DJISDKManager+Helper.swift"; sourceTree = "<group>"; };
		8576B048215DD17100B5B560 /* DJIGimbal+Promise.swift */ = {isa = PBXFileReference; fileEncoding = 4; lastKnownFileType = sourcecode.swift; path = "DJIGimbal+Promise.swift"; sourceTree = "<group>"; };
		8576B04A215E330B00B5B560 /* DJIFlightController+Promise.swift */ = {isa = PBXFileReference; lastKnownFileType = sourcecode.swift; path = "DJIFlightController+Promise.swift"; sourceTree = "<group>"; };
		858938A02195340A00AB7619 /* DJISDKExtensionTests.xctest */ = {isa = PBXFileReference; explicitFileType = wrapper.cfbundle; includeInIndex = 0; path = DJISDKExtensionTests.xctest; sourceTree = BUILT_PRODUCTS_DIR; };
		858938A22195340A00AB7619 /* DJISDKTimelineTests.swift */ = {isa = PBXFileReference; lastKnownFileType = sourcecode.swift; path = DJISDKTimelineTests.swift; sourceTree = "<group>"; };
		858938A42195340A00AB7619 /* Info.plist */ = {isa = PBXFileReference; lastKnownFileType = text.plist.xml; path = Info.plist; sourceTree = "<group>"; };
		858938AE2196D16800AB7619 /* Camera+Extension.swift */ = {isa = PBXFileReference; lastKnownFileType = sourcecode.swift; path = "Camera+Extension.swift"; sourceTree = "<group>"; };
		858938B02196D6A200AB7619 /* DJISDKExtensionError.swift */ = {isa = PBXFileReference; lastKnownFileType = sourcecode.swift; path = DJISDKExtensionError.swift; sourceTree = "<group>"; };
		858DE8F5217833BC0019C314 /* DJISDKExtension.podspec */ = {isa = PBXFileReference; fileEncoding = 4; lastKnownFileType = text; path = DJISDKExtension.podspec; sourceTree = SOURCE_ROOT; };
		858DE8F8217834560019C314 /* DJITimelineMission.swift */ = {isa = PBXFileReference; lastKnownFileType = sourcecode.swift; path = DJITimelineMission.swift; sourceTree = "<group>"; };
		858DE8FC21787D4B0019C314 /* DJITimelineAircraftYawEvent.swift */ = {isa = PBXFileReference; lastKnownFileType = sourcecode.swift; path = DJITimelineAircraftYawEvent.swift; sourceTree = "<group>"; };
		858DE8FE217881AE0019C314 /* DJITimelineMissionError.swift */ = {isa = PBXFileReference; lastKnownFileType = sourcecode.swift; path = DJITimelineMissionError.swift; sourceTree = "<group>"; };
		858DE900217882720019C314 /* DJITimelineGimbalRotateEvent.swift */ = {isa = PBXFileReference; lastKnownFileType = sourcecode.swift; path = DJITimelineGimbalRotateEvent.swift; sourceTree = "<group>"; };
		858DE9022178D6340019C314 /* DJITimelineShootPhotoEvent.swift */ = {isa = PBXFileReference; lastKnownFileType = sourcecode.swift; path = DJITimelineShootPhotoEvent.swift; sourceTree = "<group>"; };
		858DE904217974620019C314 /* DJITimelineDurationEvent.swift */ = {isa = PBXFileReference; lastKnownFileType = sourcecode.swift; path = DJITimelineDurationEvent.swift; sourceTree = "<group>"; };
		858DE90621797A270019C314 /* DJITimelineBasicEvent.swift */ = {isa = PBXFileReference; lastKnownFileType = sourcecode.swift; path = DJITimelineBasicEvent.swift; sourceTree = "<group>"; };
		B763E7869565DCA034F402A8 /* Pods-DJISDKExtension.release.xcconfig */ = {isa = PBXFileReference; includeInIndex = 1; lastKnownFileType = text.xcconfig; name = "Pods-DJISDKExtension.release.xcconfig"; path = "Pods/Target Support Files/Pods-DJISDKExtension/Pods-DJISDKExtension.release.xcconfig"; sourceTree = "<group>"; };
		C0C8931C2138DC1D00986A3A /* DJIMediaManager+Promise.swift */ = {isa = PBXFileReference; fileEncoding = 4; lastKnownFileType = sourcecode.swift; path = "DJIMediaManager+Promise.swift"; sourceTree = "<group>"; };
		C0C8931D2138DC1D00986A3A /* DJIMediaFile+Promise.swift */ = {isa = PBXFileReference; fileEncoding = 4; lastKnownFileType = sourcecode.swift; path = "DJIMediaFile+Promise.swift"; sourceTree = "<group>"; };
		C0C8931E2138DC1E00986A3A /* DJICamera+Promise.swift */ = {isa = PBXFileReference; fileEncoding = 4; lastKnownFileType = sourcecode.swift; path = "DJICamera+Promise.swift"; sourceTree = "<group>"; };
		F5862A3BA13CABF34FD11F07 /* Pods-DJISDKExtensionTests.release.xcconfig */ = {isa = PBXFileReference; includeInIndex = 1; lastKnownFileType = text.xcconfig; name = "Pods-DJISDKExtensionTests.release.xcconfig"; path = "Pods/Target Support Files/Pods-DJISDKExtensionTests/Pods-DJISDKExtensionTests.release.xcconfig"; sourceTree = "<group>"; };
/* End PBXFileReference section */

/* Begin PBXFrameworksBuildPhase section */
		8532A07F21378F14008BCC84 /* Frameworks */ = {
			isa = PBXFrameworksBuildPhase;
			buildActionMask = 2147483647;
			files = (
				CEDD008B2A270B813EDAF365 /* Pods_DJISDKExtension.framework in Frameworks */,
			);
			runOnlyForDeploymentPostprocessing = 0;
		};
		8589389D2195340A00AB7619 /* Frameworks */ = {
			isa = PBXFrameworksBuildPhase;
			buildActionMask = 2147483647;
			files = (
				858938A52195340A00AB7619 /* DJISDKExtension.framework in Frameworks */,
				615DE0FC5F1D8EB3C81FDB26 /* Pods_DJISDKExtensionTests.framework in Frameworks */,
			);
			runOnlyForDeploymentPostprocessing = 0;
		};
/* End PBXFrameworksBuildPhase section */

/* Begin PBXGroup section */
		45258C32141CD8F01C57A5D2 /* Pods */ = {
			isa = PBXGroup;
			children = (
				0332202BBE132057B978319C /* Pods-DJISDKExtension.debug.xcconfig */,
				B763E7869565DCA034F402A8 /* Pods-DJISDKExtension.release.xcconfig */,
				21E8FFD9E2714A6BE09D6FCF /* Pods-DJISDKExtensionTests.debug.xcconfig */,
				F5862A3BA13CABF34FD11F07 /* Pods-DJISDKExtensionTests.release.xcconfig */,
			);
			name = Pods;
			sourceTree = "<group>";
		};
		8532A07921378F14008BCC84 = {
			isa = PBXGroup;
			children = (
				8532A08521378F14008BCC84 /* DJISDKExtension */,
				858938A12195340A00AB7619 /* DJISDKExtensionTests */,
				8532A08421378F14008BCC84 /* Products */,
				45258C32141CD8F01C57A5D2 /* Pods */,
				9C938608617A8B6D8EF1CEC7 /* Frameworks */,
			);
			sourceTree = "<group>";
		};
		8532A08421378F14008BCC84 /* Products */ = {
			isa = PBXGroup;
			children = (
				8532A08321378F14008BCC84 /* DJISDKExtension.framework */,
				858938A02195340A00AB7619 /* DJISDKExtensionTests.xctest */,
			);
			name = Products;
			sourceTree = "<group>";
		};
		8532A08521378F14008BCC84 /* DJISDKExtension */ = {
			isa = PBXGroup;
			children = (
				858938AD2196D13E00AB7619 /* Extensions */,
				858DE8F7217833E00019C314 /* DJITimeline */,
				858DE8F5217833BC0019C314 /* DJISDKExtension.podspec */,
				C0C8932D2139276300986A3A /* Promise */,
				8532A08621378F14008BCC84 /* DJISDKExtension.h */,
				8532A08721378F14008BCC84 /* Info.plist */,
				8532A08E2137954C008BCC84 /* DJISDKManager+Helper.swift */,
				858938B02196D6A200AB7619 /* DJISDKExtensionError.swift */,
			);
			path = DJISDKExtension;
			sourceTree = "<group>";
		};
		858938A12195340A00AB7619 /* DJISDKExtensionTests */ = {
			isa = PBXGroup;
			children = (
				858938A22195340A00AB7619 /* DJISDKTimelineTests.swift */,
				858938A42195340A00AB7619 /* Info.plist */,
			);
			path = DJISDKExtensionTests;
			sourceTree = "<group>";
		};
		858938AD2196D13E00AB7619 /* Extensions */ = {
			isa = PBXGroup;
			children = (
				858938AE2196D16800AB7619 /* Camera+Extension.swift */,
			);
			path = Extensions;
			sourceTree = "<group>";
		};
		858DE8F7217833E00019C314 /* DJITimeline */ = {
			isa = PBXGroup;
			children = (
				858DE8FE217881AE0019C314 /* DJITimelineMissionError.swift */,
				858DE8F8217834560019C314 /* DJITimelineMission.swift */,
				858DE8FC21787D4B0019C314 /* DJITimelineAircraftYawEvent.swift */,
				858DE900217882720019C314 /* DJITimelineGimbalRotateEvent.swift */,
				858DE9022178D6340019C314 /* DJITimelineShootPhotoEvent.swift */,
				858DE904217974620019C314 /* DJITimelineDurationEvent.swift */,
				858DE90621797A270019C314 /* DJITimelineBasicEvent.swift */,
			);
			path = DJITimeline;
			sourceTree = "<group>";
		};
		9C938608617A8B6D8EF1CEC7 /* Frameworks */ = {
			isa = PBXGroup;
			children = (
				5C952EE09E10AC625517DE64 /* Pods_DJISDKExtension.framework */,
				4AF0FA8BCE6CD40C2E46EACA /* Pods_DJISDKExtensionTests.framework */,
			);
			name = Frameworks;
			sourceTree = "<group>";
		};
		C0C8932D2139276300986A3A /* Promise */ = {
			isa = PBXGroup;
			children = (
				8576B048215DD17100B5B560 /* DJIGimbal+Promise.swift */,
				C0C8931E2138DC1E00986A3A /* DJICamera+Promise.swift */,
				C0C8931D2138DC1D00986A3A /* DJIMediaFile+Promise.swift */,
				C0C8931C2138DC1D00986A3A /* DJIMediaManager+Promise.swift */,
				8576B04A215E330B00B5B560 /* DJIFlightController+Promise.swift */,
			);
			path = Promise;
			sourceTree = "<group>";
		};
/* End PBXGroup section */

/* Begin PBXHeadersBuildPhase section */
		8532A08021378F14008BCC84 /* Headers */ = {
			isa = PBXHeadersBuildPhase;
			buildActionMask = 2147483647;
			files = (
				8532A08821378F14008BCC84 /* DJISDKExtension.h in Headers */,
			);
			runOnlyForDeploymentPostprocessing = 0;
		};
/* End PBXHeadersBuildPhase section */

/* Begin PBXNativeTarget section */
		8532A08221378F14008BCC84 /* DJISDKExtension */ = {
			isa = PBXNativeTarget;
			buildConfigurationList = 8532A08B21378F14008BCC84 /* Build configuration list for PBXNativeTarget "DJISDKExtension" */;
			buildPhases = (
				8A7AA0836043193B4A060EBB /* [CP] Check Pods Manifest.lock */,
				8532A07E21378F14008BCC84 /* Sources */,
				8532A07F21378F14008BCC84 /* Frameworks */,
				8532A08021378F14008BCC84 /* Headers */,
				8532A08121378F14008BCC84 /* Resources */,
			);
			buildRules = (
			);
			dependencies = (
			);
			name = DJISDKExtension;
			productName = DJISDKExtension;
			productReference = 8532A08321378F14008BCC84 /* DJISDKExtension.framework */;
			productType = "com.apple.product-type.framework";
		};
		8589389F2195340A00AB7619 /* DJISDKExtensionTests */ = {
			isa = PBXNativeTarget;
			buildConfigurationList = 858938AA2195340A00AB7619 /* Build configuration list for PBXNativeTarget "DJISDKExtensionTests" */;
			buildPhases = (
				DB5EBD8ACD8E4E350C6CD909 /* [CP] Check Pods Manifest.lock */,
				8589389C2195340A00AB7619 /* Sources */,
				8589389D2195340A00AB7619 /* Frameworks */,
				8589389E2195340A00AB7619 /* Resources */,
				C9388459A5B27C0E7FE13347 /* [CP] Embed Pods Frameworks */,
			);
			buildRules = (
			);
			dependencies = (
				858938A72195340A00AB7619 /* PBXTargetDependency */,
			);
			name = DJISDKExtensionTests;
			productName = DJISDKExtensionTests;
			productReference = 858938A02195340A00AB7619 /* DJISDKExtensionTests.xctest */;
			productType = "com.apple.product-type.bundle.unit-test";
		};
/* End PBXNativeTarget section */

/* Begin PBXProject section */
		8532A07A21378F14008BCC84 /* Project object */ = {
			isa = PBXProject;
			attributes = {
				LastSwiftUpdateCheck = 1010;
				LastUpgradeCheck = 0940;
				ORGANIZATIONNAME = kiwi;
				TargetAttributes = {
					8532A08221378F14008BCC84 = {
						CreatedOnToolsVersion = 9.4;
						LastSwiftMigration = 0940;
					};
					8589389F2195340A00AB7619 = {
						CreatedOnToolsVersion = 10.1;
					};
				};
			};
			buildConfigurationList = 8532A07D21378F14008BCC84 /* Build configuration list for PBXProject "DJISDKExtension" */;
			compatibilityVersion = "Xcode 9.3";
			developmentRegion = en;
			hasScannedForEncodings = 0;
			knownRegions = (
				en,
			);
			mainGroup = 8532A07921378F14008BCC84;
			productRefGroup = 8532A08421378F14008BCC84 /* Products */;
			projectDirPath = "";
			projectRoot = "";
			targets = (
				8532A08221378F14008BCC84 /* DJISDKExtension */,
				8589389F2195340A00AB7619 /* DJISDKExtensionTests */,
			);
		};
/* End PBXProject section */

/* Begin PBXResourcesBuildPhase section */
		8532A08121378F14008BCC84 /* Resources */ = {
			isa = PBXResourcesBuildPhase;
			buildActionMask = 2147483647;
			files = (
				858DE8F6217833BC0019C314 /* DJISDKExtension.podspec in Resources */,
			);
			runOnlyForDeploymentPostprocessing = 0;
		};
		8589389E2195340A00AB7619 /* Resources */ = {
			isa = PBXResourcesBuildPhase;
			buildActionMask = 2147483647;
			files = (
			);
			runOnlyForDeploymentPostprocessing = 0;
		};
/* End PBXResourcesBuildPhase section */

/* Begin PBXShellScriptBuildPhase section */
		8A7AA0836043193B4A060EBB /* [CP] Check Pods Manifest.lock */ = {
			isa = PBXShellScriptBuildPhase;
			buildActionMask = 2147483647;
			files = (
			);
			inputPaths = (
				"${PODS_PODFILE_DIR_PATH}/Podfile.lock",
				"${PODS_ROOT}/Manifest.lock",
			);
			name = "[CP] Check Pods Manifest.lock";
			outputPaths = (
				"$(DERIVED_FILE_DIR)/Pods-DJISDKExtension-checkManifestLockResult.txt",
			);
			runOnlyForDeploymentPostprocessing = 0;
			shellPath = /bin/sh;
			shellScript = "diff \"${PODS_PODFILE_DIR_PATH}/Podfile.lock\" \"${PODS_ROOT}/Manifest.lock\" > /dev/null\nif [ $? != 0 ] ; then\n    # print error to STDERR\n    echo \"error: The sandbox is not in sync with the Podfile.lock. Run 'pod install' or update your CocoaPods installation.\" >&2\n    exit 1\nfi\n# This output is used by Xcode 'outputs' to avoid re-running this script phase.\necho \"SUCCESS\" > \"${SCRIPT_OUTPUT_FILE_0}\"\n";
			showEnvVarsInLog = 0;
		};
		C9388459A5B27C0E7FE13347 /* [CP] Embed Pods Frameworks */ = {
			isa = PBXShellScriptBuildPhase;
			buildActionMask = 2147483647;
			files = (
			);
			inputFileListPaths = (
			);
			inputPaths = (
				"${SRCROOT}/Pods/Target Support Files/Pods-DJISDKExtensionTests/Pods-DJISDKExtensionTests-frameworks.sh",
				"${PODS_ROOT}/DJI-SDK-iOS/iOS_Mobile_SDK/DJISDK.framework",
				"${BUILT_PRODUCTS_DIR}/PromiseKit/PromiseKit.framework",
			);
			name = "[CP] Embed Pods Frameworks";
			outputFileListPaths = (
			);
			outputPaths = (
				"${TARGET_BUILD_DIR}/${FRAMEWORKS_FOLDER_PATH}/DJISDK.framework",
				"${TARGET_BUILD_DIR}/${FRAMEWORKS_FOLDER_PATH}/PromiseKit.framework",
			);
			runOnlyForDeploymentPostprocessing = 0;
			shellPath = /bin/sh;
			shellScript = "\"${SRCROOT}/Pods/Target Support Files/Pods-DJISDKExtensionTests/Pods-DJISDKExtensionTests-frameworks.sh\"\n";
			showEnvVarsInLog = 0;
		};
		DB5EBD8ACD8E4E350C6CD909 /* [CP] Check Pods Manifest.lock */ = {
			isa = PBXShellScriptBuildPhase;
			buildActionMask = 2147483647;
			files = (
			);
			inputFileListPaths = (
			);
			inputPaths = (
				"${PODS_PODFILE_DIR_PATH}/Podfile.lock",
				"${PODS_ROOT}/Manifest.lock",
			);
			name = "[CP] Check Pods Manifest.lock";
			outputFileListPaths = (
			);
			outputPaths = (
				"$(DERIVED_FILE_DIR)/Pods-DJISDKExtensionTests-checkManifestLockResult.txt",
			);
			runOnlyForDeploymentPostprocessing = 0;
			shellPath = /bin/sh;
			shellScript = "diff \"${PODS_PODFILE_DIR_PATH}/Podfile.lock\" \"${PODS_ROOT}/Manifest.lock\" > /dev/null\nif [ $? != 0 ] ; then\n    # print error to STDERR\n    echo \"error: The sandbox is not in sync with the Podfile.lock. Run 'pod install' or update your CocoaPods installation.\" >&2\n    exit 1\nfi\n# This output is used by Xcode 'outputs' to avoid re-running this script phase.\necho \"SUCCESS\" > \"${SCRIPT_OUTPUT_FILE_0}\"\n";
			showEnvVarsInLog = 0;
		};
/* End PBXShellScriptBuildPhase section */

/* Begin PBXSourcesBuildPhase section */
		8532A07E21378F14008BCC84 /* Sources */ = {
			isa = PBXSourcesBuildPhase;
			buildActionMask = 2147483647;
			files = (
				C0C893212138DC1E00986A3A /* DJICamera+Promise.swift in Sources */,
				C0C8931F2138DC1E00986A3A /* DJIMediaManager+Promise.swift in Sources */,
				8576B049215DD17100B5B560 /* DJIGimbal+Promise.swift in Sources */,
				858DE8F9217834560019C314 /* DJITimelineMission.swift in Sources */,
				8532A08F2137954C008BCC84 /* DJISDKManager+Helper.swift in Sources */,
				858DE8FD21787D4B0019C314 /* DJITimelineAircraftYawEvent.swift in Sources */,
				858DE9032178D6340019C314 /* DJITimelineShootPhotoEvent.swift in Sources */,
				858DE905217974620019C314 /* DJITimelineDurationEvent.swift in Sources */,
				858938AF2196D16800AB7619 /* Camera+Extension.swift in Sources */,
				858938B12196D6A200AB7619 /* DJISDKExtensionError.swift in Sources */,
				858DE8FF217881AE0019C314 /* DJITimelineMissionError.swift in Sources */,
				858DE90721797A270019C314 /* DJITimelineBasicEvent.swift in Sources */,
				858DE901217882720019C314 /* DJITimelineGimbalRotateEvent.swift in Sources */,
				C0C893202138DC1E00986A3A /* DJIMediaFile+Promise.swift in Sources */,
				8576B04B215E330B00B5B560 /* DJIFlightController+Promise.swift in Sources */,
			);
			runOnlyForDeploymentPostprocessing = 0;
		};
		8589389C2195340A00AB7619 /* Sources */ = {
			isa = PBXSourcesBuildPhase;
			buildActionMask = 2147483647;
			files = (
				858938A32195340A00AB7619 /* DJISDKTimelineTests.swift in Sources */,
			);
			runOnlyForDeploymentPostprocessing = 0;
		};
/* End PBXSourcesBuildPhase section */

/* Begin PBXTargetDependency section */
		858938A72195340A00AB7619 /* PBXTargetDependency */ = {
			isa = PBXTargetDependency;
			target = 8532A08221378F14008BCC84 /* DJISDKExtension */;
			targetProxy = 858938A62195340A00AB7619 /* PBXContainerItemProxy */;
		};
/* End PBXTargetDependency section */

/* Begin XCBuildConfiguration section */
		8532A08921378F14008BCC84 /* Debug */ = {
			isa = XCBuildConfiguration;
			buildSettings = {
				ALWAYS_SEARCH_USER_PATHS = NO;
				CLANG_ANALYZER_NONNULL = YES;
				CLANG_ANALYZER_NUMBER_OBJECT_CONVERSION = YES_AGGRESSIVE;
				CLANG_CXX_LANGUAGE_STANDARD = "gnu++14";
				CLANG_CXX_LIBRARY = "libc++";
				CLANG_ENABLE_MODULES = YES;
				CLANG_ENABLE_OBJC_ARC = YES;
				CLANG_ENABLE_OBJC_WEAK = YES;
				CLANG_WARN_BLOCK_CAPTURE_AUTORELEASING = YES;
				CLANG_WARN_BOOL_CONVERSION = YES;
				CLANG_WARN_COMMA = YES;
				CLANG_WARN_CONSTANT_CONVERSION = YES;
				CLANG_WARN_DEPRECATED_OBJC_IMPLEMENTATIONS = YES;
				CLANG_WARN_DIRECT_OBJC_ISA_USAGE = YES_ERROR;
				CLANG_WARN_DOCUMENTATION_COMMENTS = YES;
				CLANG_WARN_EMPTY_BODY = YES;
				CLANG_WARN_ENUM_CONVERSION = YES;
				CLANG_WARN_INFINITE_RECURSION = YES;
				CLANG_WARN_INT_CONVERSION = YES;
				CLANG_WARN_NON_LITERAL_NULL_CONVERSION = YES;
				CLANG_WARN_OBJC_IMPLICIT_RETAIN_SELF = YES;
				CLANG_WARN_OBJC_LITERAL_CONVERSION = YES;
				CLANG_WARN_OBJC_ROOT_CLASS = YES_ERROR;
				CLANG_WARN_RANGE_LOOP_ANALYSIS = YES;
				CLANG_WARN_STRICT_PROTOTYPES = YES;
				CLANG_WARN_SUSPICIOUS_MOVE = YES;
				CLANG_WARN_UNGUARDED_AVAILABILITY = YES_AGGRESSIVE;
				CLANG_WARN_UNREACHABLE_CODE = YES;
				CLANG_WARN__DUPLICATE_METHOD_MATCH = YES;
				CODE_SIGN_IDENTITY = "iPhone Developer";
				COPY_PHASE_STRIP = NO;
				CURRENT_PROJECT_VERSION = 1;
				DEBUG_INFORMATION_FORMAT = dwarf;
				ENABLE_STRICT_OBJC_MSGSEND = YES;
				ENABLE_TESTABILITY = YES;
				GCC_C_LANGUAGE_STANDARD = gnu11;
				GCC_DYNAMIC_NO_PIC = NO;
				GCC_NO_COMMON_BLOCKS = YES;
				GCC_OPTIMIZATION_LEVEL = 0;
				GCC_PREPROCESSOR_DEFINITIONS = (
					"DEBUG=1",
					"$(inherited)",
				);
				GCC_WARN_64_TO_32_BIT_CONVERSION = YES;
				GCC_WARN_ABOUT_RETURN_TYPE = YES_ERROR;
				GCC_WARN_UNDECLARED_SELECTOR = YES;
				GCC_WARN_UNINITIALIZED_AUTOS = YES_AGGRESSIVE;
				GCC_WARN_UNUSED_FUNCTION = YES;
				GCC_WARN_UNUSED_VARIABLE = YES;
				IPHONEOS_DEPLOYMENT_TARGET = 11.4;
				MTL_ENABLE_DEBUG_INFO = YES;
				ONLY_ACTIVE_ARCH = YES;
				SDKROOT = iphoneos;
				SWIFT_ACTIVE_COMPILATION_CONDITIONS = DEBUG;
				SWIFT_OPTIMIZATION_LEVEL = "-Onone";
				SWIFT_VERSION = 4.2;
				VERSIONING_SYSTEM = "apple-generic";
				VERSION_INFO_PREFIX = "";
			};
			name = Debug;
		};
		8532A08A21378F14008BCC84 /* Release */ = {
			isa = XCBuildConfiguration;
			buildSettings = {
				ALWAYS_SEARCH_USER_PATHS = NO;
				CLANG_ANALYZER_NONNULL = YES;
				CLANG_ANALYZER_NUMBER_OBJECT_CONVERSION = YES_AGGRESSIVE;
				CLANG_CXX_LANGUAGE_STANDARD = "gnu++14";
				CLANG_CXX_LIBRARY = "libc++";
				CLANG_ENABLE_MODULES = YES;
				CLANG_ENABLE_OBJC_ARC = YES;
				CLANG_ENABLE_OBJC_WEAK = YES;
				CLANG_WARN_BLOCK_CAPTURE_AUTORELEASING = YES;
				CLANG_WARN_BOOL_CONVERSION = YES;
				CLANG_WARN_COMMA = YES;
				CLANG_WARN_CONSTANT_CONVERSION = YES;
				CLANG_WARN_DEPRECATED_OBJC_IMPLEMENTATIONS = YES;
				CLANG_WARN_DIRECT_OBJC_ISA_USAGE = YES_ERROR;
				CLANG_WARN_DOCUMENTATION_COMMENTS = YES;
				CLANG_WARN_EMPTY_BODY = YES;
				CLANG_WARN_ENUM_CONVERSION = YES;
				CLANG_WARN_INFINITE_RECURSION = YES;
				CLANG_WARN_INT_CONVERSION = YES;
				CLANG_WARN_NON_LITERAL_NULL_CONVERSION = YES;
				CLANG_WARN_OBJC_IMPLICIT_RETAIN_SELF = YES;
				CLANG_WARN_OBJC_LITERAL_CONVERSION = YES;
				CLANG_WARN_OBJC_ROOT_CLASS = YES_ERROR;
				CLANG_WARN_RANGE_LOOP_ANALYSIS = YES;
				CLANG_WARN_STRICT_PROTOTYPES = YES;
				CLANG_WARN_SUSPICIOUS_MOVE = YES;
				CLANG_WARN_UNGUARDED_AVAILABILITY = YES_AGGRESSIVE;
				CLANG_WARN_UNREACHABLE_CODE = YES;
				CLANG_WARN__DUPLICATE_METHOD_MATCH = YES;
				CODE_SIGN_IDENTITY = "iPhone Developer";
				COPY_PHASE_STRIP = NO;
				CURRENT_PROJECT_VERSION = 1;
				DEBUG_INFORMATION_FORMAT = "dwarf-with-dsym";
				ENABLE_NS_ASSERTIONS = NO;
				ENABLE_STRICT_OBJC_MSGSEND = YES;
				GCC_C_LANGUAGE_STANDARD = gnu11;
				GCC_NO_COMMON_BLOCKS = YES;
				GCC_WARN_64_TO_32_BIT_CONVERSION = YES;
				GCC_WARN_ABOUT_RETURN_TYPE = YES_ERROR;
				GCC_WARN_UNDECLARED_SELECTOR = YES;
				GCC_WARN_UNINITIALIZED_AUTOS = YES_AGGRESSIVE;
				GCC_WARN_UNUSED_FUNCTION = YES;
				GCC_WARN_UNUSED_VARIABLE = YES;
				IPHONEOS_DEPLOYMENT_TARGET = 11.4;
				MTL_ENABLE_DEBUG_INFO = NO;
				SDKROOT = iphoneos;
				SWIFT_COMPILATION_MODE = wholemodule;
				SWIFT_OPTIMIZATION_LEVEL = "-O";
				SWIFT_VERSION = 4.2;
				VALIDATE_PRODUCT = YES;
				VERSIONING_SYSTEM = "apple-generic";
				VERSION_INFO_PREFIX = "";
			};
			name = Release;
		};
		8532A08C21378F14008BCC84 /* Debug */ = {
			isa = XCBuildConfiguration;
			baseConfigurationReference = 0332202BBE132057B978319C /* Pods-DJISDKExtension.debug.xcconfig */;
			buildSettings = {
				CLANG_ENABLE_MODULES = YES;
				CODE_SIGN_IDENTITY = "";
				CODE_SIGN_STYLE = Automatic;
				DEFINES_MODULE = YES;
				DEVELOPMENT_TEAM = M333L7769B;
				DYLIB_COMPATIBILITY_VERSION = 1;
				DYLIB_CURRENT_VERSION = 1;
				DYLIB_INSTALL_NAME_BASE = "@rpath";
				INFOPLIST_FILE = DJISDKExtension/Info.plist;
				INSTALL_PATH = "$(LOCAL_LIBRARY_DIR)/Frameworks";
				IPHONEOS_DEPLOYMENT_TARGET = 9.0;
				LD_RUNPATH_SEARCH_PATHS = (
					"$(inherited)",
					"@executable_path/Frameworks",
					"@loader_path/Frameworks",
				);
				PRODUCT_BUNDLE_IDENTIFIER = KW.DJISDKExtension;
				PRODUCT_NAME = "$(TARGET_NAME:c99extidentifier)";
				SKIP_INSTALL = YES;
				SWIFT_OPTIMIZATION_LEVEL = "-Onone";
				SWIFT_VERSION = 4.2;
				TARGETED_DEVICE_FAMILY = "1,2";
			};
			name = Debug;
		};
		8532A08D21378F14008BCC84 /* Release */ = {
			isa = XCBuildConfiguration;
			baseConfigurationReference = B763E7869565DCA034F402A8 /* Pods-DJISDKExtension.release.xcconfig */;
			buildSettings = {
				CLANG_ENABLE_MODULES = YES;
				CODE_SIGN_IDENTITY = "";
				CODE_SIGN_STYLE = Automatic;
				DEFINES_MODULE = YES;
				DEVELOPMENT_TEAM = M333L7769B;
				DYLIB_COMPATIBILITY_VERSION = 1;
				DYLIB_CURRENT_VERSION = 1;
				DYLIB_INSTALL_NAME_BASE = "@rpath";
				INFOPLIST_FILE = DJISDKExtension/Info.plist;
				INSTALL_PATH = "$(LOCAL_LIBRARY_DIR)/Frameworks";
				IPHONEOS_DEPLOYMENT_TARGET = 9.0;
				LD_RUNPATH_SEARCH_PATHS = (
					"$(inherited)",
					"@executable_path/Frameworks",
					"@loader_path/Frameworks",
				);
				PRODUCT_BUNDLE_IDENTIFIER = KW.DJISDKExtension;
				PRODUCT_NAME = "$(TARGET_NAME:c99extidentifier)";
				SKIP_INSTALL = YES;
				SWIFT_VERSION = 4.2;
				TARGETED_DEVICE_FAMILY = "1,2";
			};
			name = Release;
		};
		858938A82195340A00AB7619 /* Debug */ = {
			isa = XCBuildConfiguration;
			baseConfigurationReference = 21E8FFD9E2714A6BE09D6FCF /* Pods-DJISDKExtensionTests.debug.xcconfig */;
			buildSettings = {
				CODE_SIGN_STYLE = Automatic;
				DEVELOPMENT_TEAM = M333L7769B;
				INFOPLIST_FILE = DJISDKExtensionTests/Info.plist;
				IPHONEOS_DEPLOYMENT_TARGET = 12.1;
				LD_RUNPATH_SEARCH_PATHS = (
					"$(inherited)",
					"@executable_path/Frameworks",
					"@loader_path/Frameworks",
				);
				MTL_ENABLE_DEBUG_INFO = INCLUDE_SOURCE;
				MTL_FAST_MATH = YES;
				PRODUCT_BUNDLE_IDENTIFIER = KW.DJISDKExtensionTests;
				PRODUCT_NAME = "$(TARGET_NAME)";
				SWIFT_VERSION = 4.2;
				TARGETED_DEVICE_FAMILY = "1,2";
			};
			name = Debug;
		};
		858938A92195340A00AB7619 /* Release */ = {
			isa = XCBuildConfiguration;
			baseConfigurationReference = F5862A3BA13CABF34FD11F07 /* Pods-DJISDKExtensionTests.release.xcconfig */;
			buildSettings = {
				CODE_SIGN_STYLE = Automatic;
				DEVELOPMENT_TEAM = M333L7769B;
				INFOPLIST_FILE = DJISDKExtensionTests/Info.plist;
				IPHONEOS_DEPLOYMENT_TARGET = 12.1;
				LD_RUNPATH_SEARCH_PATHS = (
					"$(inherited)",
					"@executable_path/Frameworks",
					"@loader_path/Frameworks",
				);
				MTL_FAST_MATH = YES;
				PRODUCT_BUNDLE_IDENTIFIER = KW.DJISDKExtensionTests;
				PRODUCT_NAME = "$(TARGET_NAME)";
				SWIFT_VERSION = 4.2;
				TARGETED_DEVICE_FAMILY = "1,2";
			};
			name = Release;
		};
/* End XCBuildConfiguration section */

/* Begin XCConfigurationList section */
		8532A07D21378F14008BCC84 /* Build configuration list for PBXProject "DJISDKExtension" */ = {
			isa = XCConfigurationList;
			buildConfigurations = (
				8532A08921378F14008BCC84 /* Debug */,
				8532A08A21378F14008BCC84 /* Release */,
			);
			defaultConfigurationIsVisible = 0;
			defaultConfigurationName = Release;
		};
		8532A08B21378F14008BCC84 /* Build configuration list for PBXNativeTarget "DJISDKExtension" */ = {
			isa = XCConfigurationList;
			buildConfigurations = (
				8532A08C21378F14008BCC84 /* Debug */,
				8532A08D21378F14008BCC84 /* Release */,
			);
			defaultConfigurationIsVisible = 0;
			defaultConfigurationName = Release;
		};
		858938AA2195340A00AB7619 /* Build configuration list for PBXNativeTarget "DJISDKExtensionTests" */ = {
			isa = XCConfigurationList;
			buildConfigurations = (
				858938A82195340A00AB7619 /* Debug */,
				858938A92195340A00AB7619 /* Release */,
			);
			defaultConfigurationIsVisible = 0;
			defaultConfigurationName = Release;
		};
/* End XCConfigurationList section */
	};
	rootObject = 8532A07A21378F14008BCC84 /* Project object */;
}
